
Microsoft Visual Studio Solution File, Format Version 12.00
# Visual Studio 15
VisualStudioVersion = 15.0.28010.2048
MinimumVisualStudioVersion = 10.0.40219.1
Project("{FAE04EC0-301F-11D3-BF4B-00C04F79EFBC}") = "App2.Android", "App2\App2.Android\App2.Android.csproj", "{FC0050A4-43AE-4CE6-9F70-CFBE760AF122}"
EndProject
Project("{FAE04EC0-301F-11D3-BF4B-00C04F79EFBC}") = "App2", "App2\App2\App2.csproj", "{F62B75CA-965D-424E-83C9-FD13C3FBFB31}"
EndProject
Global
	GlobalSection(SolutionConfigurationPlatforms) = preSolution
		Debug|Any CPU = Debug|Any CPU
		Release|Any CPU = Release|Any CPU
	EndGlobalSection
	GlobalSection(ProjectConfigurationPlatforms) = postSolution
		{FC0050A4-43AE-4CE6-9F70-CFBE760AF122}.Debug|Any CPU.ActiveCfg = Debug|Any CPU
		{FC0050A4-43AE-4CE6-9F70-CFBE760AF122}.Debug|Any CPU.Build.0 = Debug|Any CPU
		{FC0050A4-43AE-4CE6-9F70-CFBE760AF122}.Debug|Any CPU.Deploy.0 = Debug|Any CPU
		{FC0050A4-43AE-4CE6-9F70-CFBE760AF122}.Release|Any CPU.ActiveCfg = Release|Any CPU
		{FC0050A4-43AE-4CE6-9F70-CFBE760AF122}.Release|Any CPU.Build.0 = Release|Any CPU
		{FC0050A4-43AE-4CE6-9F70-CFBE760AF122}.Release|Any CPU.Deploy.0 = Release|Any CPU
		{F62B75CA-965D-424E-83C9-FD13C3FBFB31}.Debug|Any CPU.ActiveCfg = Debug|Any CPU
		{F62B75CA-965D-424E-83C9-FD13C3FBFB31}.Debug|Any CPU.Build.0 = Debug|Any CPU
		{F62B75CA-965D-424E-83C9-FD13C3FBFB31}.Release|Any CPU.ActiveCfg = Release|Any CPU
		{F62B75CA-965D-424E-83C9-FD13C3FBFB31}.Release|Any CPU.Build.0 = Release|Any CPU
	EndGlobalSection
	GlobalSection(SolutionProperties) = preSolution
		HideSolutionNode = FALSE
	EndGlobalSection
	GlobalSection(ExtensibilityGlobals) = postSolution
		SolutionGuid = {9E0E8561-ABA4-4DA0-B1E2-5C0D6BF0846C}
	EndGlobalSection
EndGlobal
